<?xml version="1.0" encoding="utf-8"?>
<Project ToolsVersion="4.0" xmlns="http://schemas.microsoft.com/developer/msbuild/2003">
  <ItemGroup>
    <Filter Include="Archivos de origen">
      <UniqueIdentifier>{4FC737F1-C7A5-4376-A066-2A32D752A2FF}</UniqueIdentifier>
      <Extensions>cpp;c;cc;cxx;c++;cppm;ixx;def;odl;idl;hpj;bat;asm;asmx</Extensions>
    </Filter>
    <Filter Include="Archivos de encabezado">
      <UniqueIdentifier>{93995380-89BD-4b04-88EB-625FBE52EBFB}</UniqueIdentifier>
      <Extensions>h;hh;hpp;hxx;h++;hm;inl;inc;ipp;xsd</Extensions>
    </Filter>
    <Filter Include="Archivos de recursos">
      <UniqueIdentifier>{67DA6AB6-F800-4c08-8B7A-83BB121AAD01}</UniqueIdentifier>
      <Extensions>rc;ico;cur;bmp;dlg;rc2;rct;bin;rgs;gif;jpg;jpeg;jpe;resx;tiff;tif;png;wav;mfcribbon-ms</Extensions>
    </Filter>
    <Filter Include="Archivos de origen\utils">
      <UniqueIdentifier>{ec8c2f7e-8e26-48b8-ba67-45fcb54f473e}</UniqueIdentifier>
    </Filter>
    <Filter Include="Archivos de origen\structure">
      <UniqueIdentifier>{c3cdb865-1da0-4701-a9f3-60c55ed63907}</UniqueIdentifier>
    </Filter>
    <Filter Include="Archivos de origen\parser">
      <UniqueIdentifier>{b5355190-bca4-4ddd-9429-0a80d5c53f57}</UniqueIdentifier>
    </Filter>
  </ItemGroup>
  <ItemGroup>
    <ClCompile Include="c-rpn.cpp">
      <Filter>Archivos de origen</Filter>
    </ClCompile>
    <ClCompile Include="Optional.cpp">
      <Filter>Archivos de origen\utils</Filter>
    </ClCompile>
    <ClCompile Include="NodeLinear.cpp">
      <Filter>Archivos de origen\structure</Filter>
    </ClCompile>
    <ClCompile Include="VectorStack.cpp">
      <Filter>Archivos de origen\structure</Filter>
    </ClCompile>
    <ClCompile Include="Postfix.cpp">
      <Filter>Archivos de origen\parser</Filter>
    </ClCompile>
    <ClCompile Include="VectorQueue.cpp">
      <Filter>Archivos de origen\structure</Filter>
    </ClCompile>
    <ClCompile Include="Tools.cpp">
      <Filter>Archivos de origen\utils</Filter>
    </ClCompile>
    <ClCompile Include="NodeKeyHashLinear.cpp">
      <Filter>Archivos de origen\structure</Filter>
    </ClCompile>
    <ClCompile Include="CollectionSimple.cpp">
      <Filter>Archivos de origen\structure</Filter>
    </ClCompile>
    <ClCompile Include="OperatorTable.cpp">
      <Filter>Archivos de origen\utils</Filter>
    </ClCompile>
    <ClCompile Include="ToolsCollection.cpp">
      <Filter>Archivos de origen\utils</Filter>
    </ClCompile>
    <ClCompile Include="Infix.cpp">
      <Filter>Archivos de origen\parser</Filter>
    </ClCompile>
    <ClCompile Include="Expression.cpp">
      <Filter>Archivos de origen\parser</Filter>
    </ClCompile>
  </ItemGroup>
  <ItemGroup>
    <ClInclude Include="NodeLinear.h">
      <Filter>Archivos de encabezado</Filter>
    </ClInclude>
    <ClInclude Include="CollectionStack.h">
      <Filter>Archivos de encabezado</Filter>
    </ClInclude>
    <ClInclude Include="ToRpn.h">
      <Filter>Archivos de encabezado</Filter>
    </ClInclude>
    <ClInclude Include="CollectionQueue.h">
      <Filter>Archivos de encabezado</Filter>
    </ClInclude>
    <ClInclude Include="Tools.h">
      <Filter>Archivos de encabezado</Filter>
    </ClInclude>
    <ClInclude Include="NodeBidirectional.h">
      <Filter>Archivos de encabezado</Filter>
    </ClInclude>
    <ClInclude Include="CollectionKey.h">
      <Filter>Archivos de encabezado</Filter>
    </ClInclude>
    <ClInclude Include="OperatorTable.h">
      <Filter>Archivos de encabezado</Filter>
    </ClInclude>
    <ClInclude Include="CollectionTools.h">
      <Filter>Archivos de encabezado</Filter>
    </ClInclude>
    <ClInclude Include="Infix.h">
      <Filter>Archivos de encabezado</Filter>
    </ClInclude>
    <ClInclude Include="Expression.h">
      <Filter>Archivos de encabezado</Filter>
    </ClInclude>
  </ItemGroup>
</Project>